
Microsoft Visual Studio Solution File, Format Version 12.00
# Visual Studio Version 16
VisualStudioVersion = 16.0.30204.135
MinimumVisualStudioVersion = 10.0.40219.1
Project("{FAE04EC0-301F-11D3-BF4B-00C04F79EFBC}") = "ObjectsSearchHelper", "ObjectsSearchHelper\ObjectsSearchHelper.csproj", "{D57B4028-62BB-4781-8027-F3196CE0DB5A}"
EndProject
Global
	GlobalSection(SolutionConfigurationPlatforms) = preSolution
		Debug|Any CPU = Debug|Any CPU
		Release|Any CPU = Release|Any CPU
	EndGlobalSection
	GlobalSection(ProjectConfigurationPlatforms) = postSolution
		{D57B4028-62BB-4781-8027-F3196CE0DB5A}.Debug|Any CPU.ActiveCfg = Debug|Any CPU
		{D57B4028-62BB-4781-8027-F3196CE0DB5A}.Debug|Any CPU.Build.0 = Debug|Any CPU
		{D57B4028-62BB-4781-8027-F3196CE0DB5A}.Release|Any CPU.ActiveCfg = Release|Any CPU
		{D57B4028-62BB-4781-8027-F3196CE0DB5A}.Release|Any CPU.Build.0 = Release|Any CPU
	EndGlobalSection
	GlobalSection(SolutionProperties) = preSolution
		HideSolutionNode = FALSE
	EndGlobalSection
	GlobalSection(ExtensibilityGlobals) = postSolution
		SolutionGuid = {198F274F-1208-4C58-9911-C86F9FC0E616}
	EndGlobalSection
EndGlobal
